// !$*UTF8*$!
{
	archiveVersion = 1;
	classes = {
	};
	objectVersion = 56;
	objects = {

/* Begin PBXBuildFile section */
		0923E9A12E6CD01B007BBBC9 /* SyncUpsApp.swift in Sources */ = {isa = PBXBuildFile; fileRef = 0923E9A02E6CD017007BBBC9 /* SyncUpsApp.swift */; };
		0923E9A42E6CD070007BBBC9 /* ReducerArchitecture in Frameworks */ = {isa = PBXBuildFile; productRef = 0923E9A32E6CD070007BBBC9 /* ReducerArchitecture */; };
		0923E9A92E6CD0EA007BBBC9 /* AppEnvironment.swift in Sources */ = {isa = PBXBuildFile; fileRef = 0923E9A82E6CD0DA007BBBC9 /* AppEnvironment.swift */; };
		0923E9B42E6DA341007BBBC9 /* SyncUpList.swift in Sources */ = {isa = PBXBuildFile; fileRef = 0923E9B12E6DA341007BBBC9 /* SyncUpList.swift */; };
		0923E9B52E6DA341007BBBC9 /* SyncUpListUI.swift in Sources */ = {isa = PBXBuildFile; fileRef = 0923E9B22E6DA341007BBBC9 /* SyncUpListUI.swift */; };
		0923E9B82E6DA3D5007BBBC9 /* SyncUpDetails.swift in Sources */ = {isa = PBXBuildFile; fileRef = 0923E9B72E6DA3D2007BBBC9 /* SyncUpDetails.swift */; };
		0923E9BD2E6DA44D007BBBC9 /* SyncUpForm.swift in Sources */ = {isa = PBXBuildFile; fileRef = 0923E9BC2E6DA449007BBBC9 /* SyncUpForm.swift */; };
		0923E9BF2E6DA458007BBBC9 /* SyncUpFormUI.swift in Sources */ = {isa = PBXBuildFile; fileRef = 0923E9BE2E6DA454007BBBC9 /* SyncUpFormUI.swift */; };
		0923E9C22E6DBC21007BBBC9 /* SwiftUIEx in Frameworks */ = {isa = PBXBuildFile; productRef = 0923E9C12E6DBC21007BBBC9 /* SwiftUIEx */; };
		0923E9C32E6E17CE007BBBC9 /* SyncUpDetailsUI.swift in Sources */ = {isa = PBXBuildFile; fileRef = 0923E9B92E6DA3DC007BBBC9 /* SyncUpDetailsUI.swift */; };
		0923E9C62E6F3437007BBBC9 /* MeetingNotes.swift in Sources */ = {isa = PBXBuildFile; fileRef = 0923E9C52E6F3434007BBBC9 /* MeetingNotes.swift */; };
		0923E9C82E6F343E007BBBC9 /* MeetingNotesUI.swift in Sources */ = {isa = PBXBuildFile; fileRef = 0923E9C72E6F343A007BBBC9 /* MeetingNotesUI.swift */; };
		0923E9CB2E6F3716007BBBC9 /* RecordMeeting.swift in Sources */ = {isa = PBXBuildFile; fileRef = 0923E9CA2E6F3712007BBBC9 /* RecordMeeting.swift */; };
		0923E9CD2E6F371D007BBBC9 /* RecordMeetingUI.swift in Sources */ = {isa = PBXBuildFile; fileRef = 0923E9CC2E6F371A007BBBC9 /* RecordMeetingUI.swift */; };
		09685D8B2F43F99A0054DCE6 /* TestSuites.swift in Sources */ = {isa = PBXBuildFile; fileRef = 09685D8A2F43F9910054DCE6 /* TestSuites.swift */; };
		096ABF862E70449000291CE9 /* AppFlow.swift in Sources */ = {isa = PBXBuildFile; fileRef = 096ABF852E70448D00291CE9 /* AppFlow.swift */; };
		096ABF892E70461B00291CE9 /* AppFlowContainer.swift in Sources */ = {isa = PBXBuildFile; fileRef = 096ABF882E70461700291CE9 /* AppFlowContainer.swift */; };
		096ABF8B2E70616B00291CE9 /* StorageClient.swift in Sources */ = {isa = PBXBuildFile; fileRef = 096ABF8A2E70616700291CE9 /* StorageClient.swift */; };
		09F4C9D92FD020C800A1B2C3 /* SyncUpListEnv.swift in Sources */ = {isa = PBXBuildFile; fileRef = 09F4C9D82FD020C800A1B2C3 /* SyncUpListEnv.swift */; };
		09F4CA0B2FD02AA100A1B2C3 /* SyncUpDetailsEnv.swift in Sources */ = {isa = PBXBuildFile; fileRef = 09F4CA0A2FD02AA100A1B2C3 /* SyncUpDetailsEnv.swift */; };
		09F4CB022FD03F3200A1B2C3 /* RecordMeetingEnv.swift in Sources */ = {isa = PBXBuildFile; fileRef = 09F4CB012FD03F3200A1B2C3 /* RecordMeetingEnv.swift */; };
		09F4CC022FD071E200A1B2C3 /* TaskIsolatedEnv in Frameworks */ = {isa = PBXBuildFile; productRef = 09F4CC032FD071E200A1B2C3 /* TaskIsolatedEnv */; };
		A1F000012FD2000000A1B2C3 /* RecordMeetingModelTests.swift in Sources */ = {isa = PBXBuildFile; fileRef = A1F000112FD2000000A1B2C3 /* RecordMeetingModelTests.swift */; };
		A1F000022FD2000000A1B2C3 /* SyncUpDetailsModelTests.swift in Sources */ = {isa = PBXBuildFile; fileRef = A1F000122FD2000000A1B2C3 /* SyncUpDetailsModelTests.swift */; };
		A1F000032FD2000000A1B2C3 /* SyncUpFormModelTests.swift in Sources */ = {isa = PBXBuildFile; fileRef = A1F000132FD2000000A1B2C3 /* SyncUpFormModelTests.swift */; };
		A1F000042FD2000000A1B2C3 /* SyncUpListModelTests.swift in Sources */ = {isa = PBXBuildFile; fileRef = A1F000142FD2000000A1B2C3 /* SyncUpListModelTests.swift */; };
		A1F020012FD4000000A1B2C3 /* StorageClientTests.swift in Sources */ = {isa = PBXBuildFile; fileRef = A1F020112FD4000000A1B2C3 /* StorageClientTests.swift */; };
		A1F002012FD2100000A1B2C3 /* SyncUpFormUserEventTests.swift in Sources */ = {isa = PBXBuildFile; fileRef = A1F002112FD2100000A1B2C3 /* SyncUpFormUserEventTests.swift */; };
		A1F002022FD2100000A1B2C3 /* Hammer in Frameworks */ = {isa = PBXBuildFile; productRef = A1F002132FD2100000A1B2C3 /* Hammer */; };
		A1F003012FD2200000A1B2C3 /* SwiftUIExTesting in Frameworks */ = {isa = PBXBuildFile; productRef = A1F003022FD2200000A1B2C3 /* SwiftUIExTesting */; };
		A1F004012FD2300000A1B2C3 /* SyncUpListUserEventTests.swift in Sources */ = {isa = PBXBuildFile; fileRef = A1F004112FD2300000A1B2C3 /* SyncUpListUserEventTests.swift */; };
		A1F005012FD2400000A1B2C3 /* SyncUpDetailsUserEventTests.swift in Sources */ = {isa = PBXBuildFile; fileRef = A1F005112FD2400000A1B2C3 /* SyncUpDetailsUserEventTests.swift */; };
		A1F006012FD2500000A1B2C3 /* RecordMeetingUserEventTests.swift in Sources */ = {isa = PBXBuildFile; fileRef = A1F006112FD2500000A1B2C3 /* RecordMeetingUserEventTests.swift */; };
		A1F007012FD2600000A1B2C3 /* NavigationTests.swift in Sources */ = {isa = PBXBuildFile; fileRef = A1F007112FD2600000A1B2C3 /* NavigationTests.swift */; };
		A1F008012FD2700000A1B2C3 /* SyncUpListOverlayTests.swift in Sources */ = {isa = PBXBuildFile; fileRef = A1F008112FD2700000A1B2C3 /* SyncUpListOverlayTests.swift */; };
		A1F009012FD2800000A1B2C3 /* SyncUpDetailsOverlayTests.swift in Sources */ = {isa = PBXBuildFile; fileRef = A1F009112FD2800000A1B2C3 /* SyncUpDetailsOverlayTests.swift */; };
		A1F00B012FD2A00000A1B2C3 /* RecordMeetingOverlayTests.swift in Sources */ = {isa = PBXBuildFile; fileRef = A1F00B112FD2A00000A1B2C3 /* RecordMeetingOverlayTests.swift */; };
		A1F00C012FD2B00000A1B2C3 /* IntegrationTests.swift in Sources */ = {isa = PBXBuildFile; fileRef = A1F00C112FD2B00000A1B2C3 /* IntegrationTests.swift */; };
		CA350CB3298450BF00434F8A /* SpeechClient.swift in Sources */ = {isa = PBXBuildFile; fileRef = CA350CA6298450BF00434F8A /* SpeechClient.swift */; };
		CA350CB5298450BF00434F8A /* SoundEffectClient.swift in Sources */ = {isa = PBXBuildFile; fileRef = CA350CA8298450BF00434F8A /* SoundEffectClient.swift */; };
		CA350CB7298450BF00434F8A /* Models.swift in Sources */ = {isa = PBXBuildFile; fileRef = CA350CAA298450BF00434F8A /* Models.swift */; };
		CA350CB9298450BF00434F8A /* Assets.xcassets in Resources */ = {isa = PBXBuildFile; fileRef = CA350CAC298450BF00434F8A /* Assets.xcassets */; };
		CA350CD2298452F300434F8A /* ding.wav in Resources */ = {isa = PBXBuildFile; fileRef = CA350CD1298452F300434F8A /* ding.wav */; };
		CAAF4DCF2C3586E200774888 /* Tagged in Frameworks */ = {isa = PBXBuildFile; productRef = CAAF4DCE2C3586E200774888 /* Tagged */; };
/* End PBXBuildFile section */

/* Begin PBXContainerItemProxy section */
		CA350C822984506F00434F8A /* PBXContainerItemProxy */ = {
			isa = PBXContainerItemProxy;
			containerPortal = CA350C692984506E00434F8A /* Project object */;
			proxyType = 1;
			remoteGlobalIDString = CA350C702984506E00434F8A;
			remoteInfo = SyncUps;
		};
/* End PBXContainerItemProxy section */

/* Begin PBXFileReference section */
		0923E9A02E6CD017007BBBC9 /* SyncUpsApp.swift */ = {isa = PBXFileReference; lastKnownFileType = sourcecode.swift; path = SyncUpsApp.swift; sourceTree = "<group>"; };
		0923E9A82E6CD0DA007BBBC9 /* AppEnvironment.swift */ = {isa = PBXFileReference; lastKnownFileType = sourcecode.swift; path = AppEnvironment.swift; sourceTree = "<group>"; };
		0923E9B12E6DA341007BBBC9 /* SyncUpList.swift */ = {isa = PBXFileReference; lastKnownFileType = sourcecode.swift; path = SyncUpList.swift; sourceTree = "<group>"; };
		0923E9B22E6DA341007BBBC9 /* SyncUpListUI.swift */ = {isa = PBXFileReference; lastKnownFileType = sourcecode.swift; path = SyncUpListUI.swift; sourceTree = "<group>"; };
		0923E9B72E6DA3D2007BBBC9 /* SyncUpDetails.swift */ = {isa = PBXFileReference; lastKnownFileType = sourcecode.swift; path = SyncUpDetails.swift; sourceTree = "<group>"; };
		0923E9B92E6DA3DC007BBBC9 /* SyncUpDetailsUI.swift */ = {isa = PBXFileReference; lastKnownFileType = sourcecode.swift; path = SyncUpDetailsUI.swift; sourceTree = "<group>"; };
		0923E9BC2E6DA449007BBBC9 /* SyncUpForm.swift */ = {isa = PBXFileReference; lastKnownFileType = sourcecode.swift; path = SyncUpForm.swift; sourceTree = "<group>"; };
		0923E9BE2E6DA454007BBBC9 /* SyncUpFormUI.swift */ = {isa = PBXFileReference; lastKnownFileType = sourcecode.swift; path = SyncUpFormUI.swift; sourceTree = "<group>"; };
		0923E9C52E6F3434007BBBC9 /* MeetingNotes.swift */ = {isa = PBXFileReference; lastKnownFileType = sourcecode.swift; path = MeetingNotes.swift; sourceTree = "<group>"; };
		0923E9C72E6F343A007BBBC9 /* MeetingNotesUI.swift */ = {isa = PBXFileReference; lastKnownFileType = sourcecode.swift; path = MeetingNotesUI.swift; sourceTree = "<group>"; };
		0923E9CA2E6F3712007BBBC9 /* RecordMeeting.swift */ = {isa = PBXFileReference; lastKnownFileType = sourcecode.swift; path = RecordMeeting.swift; sourceTree = "<group>"; };
		0923E9CC2E6F371A007BBBC9 /* RecordMeetingUI.swift */ = {isa = PBXFileReference; lastKnownFileType = sourcecode.swift; path = RecordMeetingUI.swift; sourceTree = "<group>"; };
		09685D8A2F43F9910054DCE6 /* TestSuites.swift */ = {isa = PBXFileReference; lastKnownFileType = sourcecode.swift; path = TestSuites.swift; sourceTree = "<group>"; };
		096ABF852E70448D00291CE9 /* AppFlow.swift */ = {isa = PBXFileReference; lastKnownFileType = sourcecode.swift; path = AppFlow.swift; sourceTree = "<group>"; };
		096ABF882E70461700291CE9 /* AppFlowContainer.swift */ = {isa = PBXFileReference; lastKnownFileType = sourcecode.swift; path = AppFlowContainer.swift; sourceTree = "<group>"; };
		096ABF8A2E70616700291CE9 /* StorageClient.swift */ = {isa = PBXFileReference; lastKnownFileType = sourcecode.swift; path = StorageClient.swift; sourceTree = "<group>"; };
		09F4C9D82FD020C800A1B2C3 /* SyncUpListEnv.swift */ = {isa = PBXFileReference; lastKnownFileType = sourcecode.swift; path = SyncUpListEnv.swift; sourceTree = "<group>"; };
		09F4CA0A2FD02AA100A1B2C3 /* SyncUpDetailsEnv.swift */ = {isa = PBXFileReference; lastKnownFileType = sourcecode.swift; path = SyncUpDetailsEnv.swift; sourceTree = "<group>"; };
		09F4CB012FD03F3200A1B2C3 /* RecordMeetingEnv.swift */ = {isa = PBXFileReference; lastKnownFileType = sourcecode.swift; path = RecordMeetingEnv.swift; sourceTree = "<group>"; };
		A1F000112FD2000000A1B2C3 /* RecordMeetingModelTests.swift */ = {isa = PBXFileReference; lastKnownFileType = sourcecode.swift; path = RecordMeetingModelTests.swift; sourceTree = "<group>"; };
		A1F000122FD2000000A1B2C3 /* SyncUpDetailsModelTests.swift */ = {isa = PBXFileReference; lastKnownFileType = sourcecode.swift; path = SyncUpDetailsModelTests.swift; sourceTree = "<group>"; };
		A1F000132FD2000000A1B2C3 /* SyncUpFormModelTests.swift */ = {isa = PBXFileReference; lastKnownFileType = sourcecode.swift; path = SyncUpFormModelTests.swift; sourceTree = "<group>"; };
		A1F000142FD2000000A1B2C3 /* SyncUpListModelTests.swift */ = {isa = PBXFileReference; lastKnownFileType = sourcecode.swift; path = SyncUpListModelTests.swift; sourceTree = "<group>"; };
		A1F020112FD4000000A1B2C3 /* StorageClientTests.swift */ = {isa = PBXFileReference; lastKnownFileType = sourcecode.swift; path = StorageClientTests.swift; sourceTree = "<group>"; };
		A1F002112FD2100000A1B2C3 /* SyncUpFormUserEventTests.swift */ = {isa = PBXFileReference; lastKnownFileType = sourcecode.swift; path = SyncUpFormUserEventTests.swift; sourceTree = "<group>"; };
		A1F004112FD2300000A1B2C3 /* SyncUpListUserEventTests.swift */ = {isa = PBXFileReference; lastKnownFileType = sourcecode.swift; path = SyncUpListUserEventTests.swift; sourceTree = "<group>"; };
		A1F005112FD2400000A1B2C3 /* SyncUpDetailsUserEventTests.swift */ = {isa = PBXFileReference; lastKnownFileType = sourcecode.swift; path = SyncUpDetailsUserEventTests.swift; sourceTree = "<group>"; };
		A1F006112FD2500000A1B2C3 /* RecordMeetingUserEventTests.swift */ = {isa = PBXFileReference; lastKnownFileType = sourcecode.swift; path = RecordMeetingUserEventTests.swift; sourceTree = "<group>"; };
		A1F007112FD2600000A1B2C3 /* NavigationTests.swift */ = {isa = PBXFileReference; lastKnownFileType = sourcecode.swift; path = NavigationTests.swift; sourceTree = "<group>"; };
		A1F008112FD2700000A1B2C3 /* SyncUpListOverlayTests.swift */ = {isa = PBXFileReference; lastKnownFileType = sourcecode.swift; path = SyncUpListOverlayTests.swift; sourceTree = "<group>"; };
		A1F009112FD2800000A1B2C3 /* SyncUpDetailsOverlayTests.swift */ = {isa = PBXFileReference; lastKnownFileType = sourcecode.swift; path = SyncUpDetailsOverlayTests.swift; sourceTree = "<group>"; };
		A1F00B112FD2A00000A1B2C3 /* RecordMeetingOverlayTests.swift */ = {isa = PBXFileReference; lastKnownFileType = sourcecode.swift; path = RecordMeetingOverlayTests.swift; sourceTree = "<group>"; };
		A1F00C112FD2B00000A1B2C3 /* IntegrationTests.swift */ = {isa = PBXFileReference; lastKnownFileType = sourcecode.swift; path = IntegrationTests.swift; sourceTree = "<group>"; };
		CA350C712984506E00434F8A /* SyncUps.app */ = {isa = PBXFileReference; explicitFileType = wrapper.application; includeInIndex = 0; path = SyncUps.app; sourceTree = BUILT_PRODUCTS_DIR; };
		CA350C812984506F00434F8A /* SyncUpsTests.xctest */ = {isa = PBXFileReference; explicitFileType = wrapper.cfbundle; includeInIndex = 0; path = SyncUpsTests.xctest; sourceTree = BUILT_PRODUCTS_DIR; };
		CA350CA6298450BF00434F8A /* SpeechClient.swift */ = {isa = PBXFileReference; fileEncoding = 4; lastKnownFileType = sourcecode.swift; path = SpeechClient.swift; sourceTree = "<group>"; };
		CA350CA8298450BF00434F8A /* SoundEffectClient.swift */ = {isa = PBXFileReference; fileEncoding = 4; lastKnownFileType = sourcecode.swift; path = SoundEffectClient.swift; sourceTree = "<group>"; };
		CA350CAA298450BF00434F8A /* Models.swift */ = {isa = PBXFileReference; fileEncoding = 4; lastKnownFileType = sourcecode.swift; path = Models.swift; sourceTree = "<group>"; };
		CA350CAC298450BF00434F8A /* Assets.xcassets */ = {isa = PBXFileReference; lastKnownFileType = folder.assetcatalog; path = Assets.xcassets; sourceTree = "<group>"; };
		CA350CD1298452F300434F8A /* ding.wav */ = {isa = PBXFileReference; lastKnownFileType = audio.wav; path = ding.wav; sourceTree = "<group>"; };
/* End PBXFileReference section */

/* Begin PBXFrameworksBuildPhase section */
		CA350C6E2984506E00434F8A /* Frameworks */ = {
			isa = PBXFrameworksBuildPhase;
			buildActionMask = 2147483647;
			files = (
				09F4CC022FD071E200A1B2C3 /* TaskIsolatedEnv in Frameworks */,
				0923E9A42E6CD070007BBBC9 /* ReducerArchitecture in Frameworks */,
				CAAF4DCF2C3586E200774888 /* Tagged in Frameworks */,
				0923E9C22E6DBC21007BBBC9 /* SwiftUIEx in Frameworks */,
			);
			runOnlyForDeploymentPostprocessing = 0;
		};
		CA350C7E2984506F00434F8A /* Frameworks */ = {
			isa = PBXFrameworksBuildPhase;
			buildActionMask = 2147483647;
			files = (
				A1F003012FD2200000A1B2C3 /* SwiftUIExTesting in Frameworks */,
				A1F002022FD2100000A1B2C3 /* Hammer in Frameworks */,
			);
			runOnlyForDeploymentPostprocessing = 0;
		};
/* End PBXFrameworksBuildPhase section */

/* Begin PBXGroup section */
		0923E9AA2E6D390F007BBBC9 /* UI */ = {
			isa = PBXGroup;
			children = (
				096ABF872E70460E00291CE9 /* AppFlow */,
				0923E9B32E6DA341007BBBC9 /* SyncUpList */,
				0923E9B62E6DA356007BBBC9 /* SyncUpDetails */,
				0923E9BB2E6DA438007BBBC9 /* SyncUpForm */,
				0923E9C92E6F36FC007BBBC9 /* RecordMeeting */,
				0923E9C42E6F33BA007BBBC9 /* MeetingNotes */,
			);
			path = UI;
			sourceTree = "<group>";
		};
		0923E9B32E6DA341007BBBC9 /* SyncUpList */ = {
			isa = PBXGroup;
			children = (
				0923E9B12E6DA341007BBBC9 /* SyncUpList.swift */,
				09F4C9D82FD020C800A1B2C3 /* SyncUpListEnv.swift */,
				0923E9B22E6DA341007BBBC9 /* SyncUpListUI.swift */,
				09685D6B2F420EE00054DCE6 /* Tests */,
			);
			path = SyncUpList;
			sourceTree = "<group>";
		};
		0923E9B62E6DA356007BBBC9 /* SyncUpDetails */ = {
			isa = PBXGroup;
			children = (
				0923E9B72E6DA3D2007BBBC9 /* SyncUpDetails.swift */,
				09F4CA0A2FD02AA100A1B2C3 /* SyncUpDetailsEnv.swift */,
				0923E9B92E6DA3DC007BBBC9 /* SyncUpDetailsUI.swift */,
				09685D6C2F420F000054DCE6 /* Tests */,
			);
			path = SyncUpDetails;
			sourceTree = "<group>";
		};
		0923E9BB2E6DA438007BBBC9 /* SyncUpForm */ = {
			isa = PBXGroup;
			children = (
				0923E9BC2E6DA449007BBBC9 /* SyncUpForm.swift */,
				0923E9BE2E6DA454007BBBC9 /* SyncUpFormUI.swift */,
				09685D6A2F420CCB0054DCE6 /* Tests */,
			);
			path = SyncUpForm;
			sourceTree = "<group>";
		};
		0923E9C42E6F33BA007BBBC9 /* MeetingNotes */ = {
			isa = PBXGroup;
			children = (
				0923E9C52E6F3434007BBBC9 /* MeetingNotes.swift */,
				0923E9C72E6F343A007BBBC9 /* MeetingNotesUI.swift */,
			);
			path = MeetingNotes;
			sourceTree = "<group>";
		};
		0923E9C92E6F36FC007BBBC9 /* RecordMeeting */ = {
			isa = PBXGroup;
			children = (
				0923E9CA2E6F3712007BBBC9 /* RecordMeeting.swift */,
				09F4CB012FD03F3200A1B2C3 /* RecordMeetingEnv.swift */,
				0923E9CC2E6F371A007BBBC9 /* RecordMeetingUI.swift */,
				09685D6D2F420F100054DCE6 /* Tests */,
			);
			path = RecordMeeting;
			sourceTree = "<group>";
		};
		09685D6A2F420CCB0054DCE6 /* Tests */ = {
			isa = PBXGroup;
			children = (
				A1F000132FD2000000A1B2C3 /* SyncUpFormModelTests.swift */,
				A1F002112FD2100000A1B2C3 /* SyncUpFormUserEventTests.swift */,
			);
			path = Tests;
			sourceTree = "<group>";
		};
		09685D6B2F420EE00054DCE6 /* Tests */ = {
			isa = PBXGroup;
			children = (
				A1F000142FD2000000A1B2C3 /* SyncUpListModelTests.swift */,
				A1F004112FD2300000A1B2C3 /* SyncUpListUserEventTests.swift */,
				A1F008112FD2700000A1B2C3 /* SyncUpListOverlayTests.swift */,
			);
			path = Tests;
			sourceTree = "<group>";
		};
		09685D6C2F420F000054DCE6 /* Tests */ = {
			isa = PBXGroup;
			children = (
				A1F000122FD2000000A1B2C3 /* SyncUpDetailsModelTests.swift */,
				A1F005112FD2400000A1B2C3 /* SyncUpDetailsUserEventTests.swift */,
				A1F009112FD2800000A1B2C3 /* SyncUpDetailsOverlayTests.swift */,
			);
			path = Tests;
			sourceTree = "<group>";
		};
		09685D6D2F420F100054DCE6 /* Tests */ = {
			isa = PBXGroup;
			children = (
				A1F000112FD2000000A1B2C3 /* RecordMeetingModelTests.swift */,
				A1F006112FD2500000A1B2C3 /* RecordMeetingUserEventTests.swift */,
				A1F00B112FD2A00000A1B2C3 /* RecordMeetingOverlayTests.swift */,
			);
			path = Tests;
			sourceTree = "<group>";
		};
		096ABF872E70460E00291CE9 /* AppFlow */ = {
			isa = PBXGroup;
			children = (
				096ABF882E70461700291CE9 /* AppFlowContainer.swift */,
				096ABF852E70448D00291CE9 /* AppFlow.swift */,
			);
			path = AppFlow;
			sourceTree = "<group>";
		};
		CA350C682984506E00434F8A = {
			isa = PBXGroup;
			children = (
				CA350C732984506E00434F8A /* SyncUps */,
				CA350C842984506F00434F8A /* SyncUpsTests */,
				CA350C722984506E00434F8A /* Products */,
				CAC7A59F2ABA374D00985FC1 /* Frameworks */,
			);
			sourceTree = "<group>";
		};
		CA350C722984506E00434F8A /* Products */ = {
			isa = PBXGroup;
			children = (
				CA350C712984506E00434F8A /* SyncUps.app */,
				CA350C812984506F00434F8A /* SyncUpsTests.xctest */,
			);
			name = Products;
			sourceTree = "<group>";
		};
		CA350C732984506E00434F8A /* SyncUps */ = {
			isa = PBXGroup;
			children = (
				0923E9A02E6CD017007BBBC9 /* SyncUpsApp.swift */,
				0923E9A82E6CD0DA007BBBC9 /* AppEnvironment.swift */,
				CA350CAA298450BF00434F8A /* Models.swift */,
				CA350CAC298450BF00434F8A /* Assets.xcassets */,
				0923E9AA2E6D390F007BBBC9 /* UI */,
				CA350CA4298450BF00434F8A /* Dependencies */,
				CA350CD0298452F300434F8A /* Resources */,
			);
			path = SyncUps;
			sourceTree = "<group>";
		};
		CA350C842984506F00434F8A /* SyncUpsTests */ = {
			isa = PBXGroup;
			children = (
				09685D8A2F43F9910054DCE6 /* TestSuites.swift */,
				A1F007112FD2600000A1B2C3 /* NavigationTests.swift */,
				A1F00C112FD2B00000A1B2C3 /* IntegrationTests.swift */,
			);
			path = SyncUpsTests;
			sourceTree = "<group>";
		};
		CA350CA4298450BF00434F8A /* Dependencies */ = {
			isa = PBXGroup;
			children = (
				096ABF8A2E70616700291CE9 /* StorageClient.swift */,
				CA350CA6298450BF00434F8A /* SpeechClient.swift */,
				CA350CA8298450BF00434F8A /* SoundEffectClient.swift */,
				A1F020212FD4000000A1B2C3 /* Tests */,
			);
			path = Dependencies;
			sourceTree = "<group>";
		};
		A1F020212FD4000000A1B2C3 /* Tests */ = {
			isa = PBXGroup;
			children = (
				A1F020112FD4000000A1B2C3 /* StorageClientTests.swift */,
			);
			path = Tests;
			sourceTree = "<group>";
		};
		CA350CD0298452F300434F8A /* Resources */ = {
			isa = PBXGroup;
			children = (
				CA350CD1298452F300434F8A /* ding.wav */,
			);
			path = Resources;
			sourceTree = "<group>";
		};
		CAC7A59F2ABA374D00985FC1 /* Frameworks */ = {
			isa = PBXGroup;
			children = (
			);
			name = Frameworks;
			sourceTree = "<group>";
		};
/* End PBXGroup section */

/* Begin PBXNativeTarget section */
		CA350C702984506E00434F8A /* SyncUps */ = {
			isa = PBXNativeTarget;
			buildConfigurationList = CA350C952984506F00434F8A /* Build configuration list for PBXNativeTarget "SyncUps" */;
			buildPhases = (
				CA350C6D2984506E00434F8A /* Sources */,
				CA350C6E2984506E00434F8A /* Frameworks */,
				CA350C6F2984506E00434F8A /* Resources */,
			);
			buildRules = (
			);
			dependencies = (
			);
			name = SyncUps;
			packageProductDependencies = (
				CAAF4DCE2C3586E200774888 /* Tagged */,
				0923E9A32E6CD070007BBBC9 /* ReducerArchitecture */,
				0923E9C12E6DBC21007BBBC9 /* SwiftUIEx */,
				09F4CC032FD071E200A1B2C3 /* TaskIsolatedEnv */,
			);
			productName = SyncUps;
			productReference = CA350C712984506E00434F8A /* SyncUps.app */;
			productType = "com.apple.product-type.application";
		};
		CA350C802984506F00434F8A /* SyncUpsTests */ = {
			isa = PBXNativeTarget;
			buildConfigurationList = CA350C982984506F00434F8A /* Build configuration list for PBXNativeTarget "SyncUpsTests" */;
			buildPhases = (
				CA350C7D2984506F00434F8A /* Sources */,
				CA350C7E2984506F00434F8A /* Frameworks */,
				CA350C7F2984506F00434F8A /* Resources */,
			);
			buildRules = (
			);
			dependencies = (
				CA350C832984506F00434F8A /* PBXTargetDependency */,
			);
			name = SyncUpsTests;
			packageProductDependencies = (
				A1F002132FD2100000A1B2C3 /* Hammer */,
				A1F003022FD2200000A1B2C3 /* SwiftUIExTesting */,
			);
			productName = SyncUpsTests;
			productReference = CA350C812984506F00434F8A /* SyncUpsTests.xctest */;
			productType = "com.apple.product-type.bundle.unit-test";
		};
/* End PBXNativeTarget section */

/* Begin PBXProject section */
		CA350C692984506E00434F8A /* Project object */ = {
			isa = PBXProject;
			attributes = {
				BuildIndependentTargetsInParallel = 1;
				LastSwiftUpdateCheck = 1420;
				LastUpgradeCheck = 1610;
				TargetAttributes = {
					CA350C702984506E00434F8A = {
						CreatedOnToolsVersion = 14.2;
					};
					CA350C802984506F00434F8A = {
						CreatedOnToolsVersion = 14.2;
						LastSwiftMigration = 1420;
						TestTargetID = CA350C702984506E00434F8A;
					};
				};
			};
			buildConfigurationList = CA350C6C2984506E00434F8A /* Build configuration list for PBXProject "SyncUps" */;
			compatibilityVersion = "Xcode 14.0";
			developmentRegion = en;
			hasScannedForEncodings = 0;
			knownRegions = (
				en,
				Base,
			);
			mainGroup = CA350C682984506E00434F8A;
			packageReferences = (
				CAAF4DCD2C3586E200774888 /* XCRemoteSwiftPackageReference "swift-tagged" */,
				0923E9A22E6CD070007BBBC9 /* XCRemoteSwiftPackageReference "ReducerArchitecture" */,
				0923E9C02E6DBC21007BBBC9 /* XCRemoteSwiftPackageReference "SwiftUIEx" */,
				09F4CC042FD071E200A1B2C3 /* XCRemoteSwiftPackageReference "TaskIsolatedEnv" */,
				A1F002122FD2100000A1B2C3 /* XCRemoteSwiftPackageReference "Hammer" */,
			);
			productRefGroup = CA350C722984506E00434F8A /* Products */;
			projectDirPath = "";
			projectRoot = "";
			targets = (
				CA350C702984506E00434F8A /* SyncUps */,
				CA350C802984506F00434F8A /* SyncUpsTests */,
			);
		};
/* End PBXProject section */

/* Begin PBXResourcesBuildPhase section */
		CA350C6F2984506E00434F8A /* Resources */ = {
			isa = PBXResourcesBuildPhase;
			buildActionMask = 2147483647;
			files = (
				CA350CD2298452F300434F8A /* ding.wav in Resources */,
				CA350CB9298450BF00434F8A /* Assets.xcassets in Resources */,
			);
			runOnlyForDeploymentPostprocessing = 0;
		};
		CA350C7F2984506F00434F8A /* Resources */ = {
			isa = PBXResourcesBuildPhase;
			buildActionMask = 2147483647;
			files = (
			);
			runOnlyForDeploymentPostprocessing = 0;
		};
/* End PBXResourcesBuildPhase section */

/* Begin PBXSourcesBuildPhase section */
		CA350C6D2984506E00434F8A /* Sources */ = {
			isa = PBXSourcesBuildPhase;
			buildActionMask = 2147483647;
			files = (
				0923E9CD2E6F371D007BBBC9 /* RecordMeetingUI.swift in Sources */,
				096ABF862E70449000291CE9 /* AppFlow.swift in Sources */,
				0923E9A92E6CD0EA007BBBC9 /* AppEnvironment.swift in Sources */,
				0923E9C82E6F343E007BBBC9 /* MeetingNotesUI.swift in Sources */,
				096ABF8B2E70616B00291CE9 /* StorageClient.swift in Sources */,
				0923E9BF2E6DA458007BBBC9 /* SyncUpFormUI.swift in Sources */,
				0923E9BD2E6DA44D007BBBC9 /* SyncUpForm.swift in Sources */,
				0923E9CB2E6F3716007BBBC9 /* RecordMeeting.swift in Sources */,
				09F4CB022FD03F3200A1B2C3 /* RecordMeetingEnv.swift in Sources */,
				CA350CB7298450BF00434F8A /* Models.swift in Sources */,
				09F4C9D92FD020C800A1B2C3 /* SyncUpListEnv.swift in Sources */,
				0923E9B42E6DA341007BBBC9 /* SyncUpList.swift in Sources */,
				0923E9B52E6DA341007BBBC9 /* SyncUpListUI.swift in Sources */,
				0923E9A12E6CD01B007BBBC9 /* SyncUpsApp.swift in Sources */,
				CA350CB3298450BF00434F8A /* SpeechClient.swift in Sources */,
				096ABF892E70461B00291CE9 /* AppFlowContainer.swift in Sources */,
				0923E9B82E6DA3D5007BBBC9 /* SyncUpDetails.swift in Sources */,
				09F4CA0B2FD02AA100A1B2C3 /* SyncUpDetailsEnv.swift in Sources */,
				0923E9C32E6E17CE007BBBC9 /* SyncUpDetailsUI.swift in Sources */,
				CA350CB5298450BF00434F8A /* SoundEffectClient.swift in Sources */,
				0923E9C62E6F3437007BBBC9 /* MeetingNotes.swift in Sources */,
			);
			runOnlyForDeploymentPostprocessing = 0;
		};
		CA350C7D2984506F00434F8A /* Sources */ = {
			isa = PBXSourcesBuildPhase;
			buildActionMask = 2147483647;
			files = (
				A1F002012FD2100000A1B2C3 /* SyncUpFormUserEventTests.swift in Sources */,
				A1F005012FD2400000A1B2C3 /* SyncUpDetailsUserEventTests.swift in Sources */,
				A1F004012FD2300000A1B2C3 /* SyncUpListUserEventTests.swift in Sources */,
				A1F006012FD2500000A1B2C3 /* RecordMeetingUserEventTests.swift in Sources */,
				A1F007012FD2600000A1B2C3 /* NavigationTests.swift in Sources */,
				A1F00C012FD2B00000A1B2C3 /* IntegrationTests.swift in Sources */,
				A1F008012FD2700000A1B2C3 /* SyncUpListOverlayTests.swift in Sources */,
				A1F009012FD2800000A1B2C3 /* SyncUpDetailsOverlayTests.swift in Sources */,
				A1F00B012FD2A00000A1B2C3 /* RecordMeetingOverlayTests.swift in Sources */,
				A1F000012FD2000000A1B2C3 /* RecordMeetingModelTests.swift in Sources */,
				A1F000022FD2000000A1B2C3 /* SyncUpDetailsModelTests.swift in Sources */,
				09685D8B2F43F99A0054DCE6 /* TestSuites.swift in Sources */,
				A1F020012FD4000000A1B2C3 /* StorageClientTests.swift in Sources */,
				A1F000032FD2000000A1B2C3 /* SyncUpFormModelTests.swift in Sources */,
				A1F000042FD2000000A1B2C3 /* SyncUpListModelTests.swift in Sources */,
			);
			runOnlyForDeploymentPostprocessing = 0;
		};
/* End PBXSourcesBuildPhase section */

/* Begin PBXTargetDependency section */
		CA350C832984506F00434F8A /* PBXTargetDependency */ = {
			isa = PBXTargetDependency;
			target = CA350C702984506E00434F8A /* SyncUps */;
			targetProxy = CA350C822984506F00434F8A /* PBXContainerItemProxy */;
		};
/* End PBXTargetDependency section */

/* Begin XCBuildConfiguration section */
		CA350C932984506F00434F8A /* Debug */ = {
			isa = XCBuildConfiguration;
			buildSettings = {
				ALWAYS_SEARCH_USER_PATHS = NO;
				ASSETCATALOG_COMPILER_GENERATE_SWIFT_ASSET_SYMBOL_EXTENSIONS = YES;
				CLANG_ANALYZER_NONNULL = YES;
				CLANG_ANALYZER_NUMBER_OBJECT_CONVERSION = YES_AGGRESSIVE;
				CLANG_CXX_LANGUAGE_STANDARD = "gnu++20";
				CLANG_ENABLE_MODULES = YES;
				CLANG_ENABLE_OBJC_ARC = YES;
				CLANG_ENABLE_OBJC_WEAK = YES;
				CLANG_WARN_BLOCK_CAPTURE_AUTORELEASING = YES;
				CLANG_WARN_BOOL_CONVERSION = YES;
				CLANG_WARN_COMMA = YES;
				CLANG_WARN_CONSTANT_CONVERSION = YES;
				CLANG_WARN_DEPRECATED_OBJC_IMPLEMENTATIONS = YES;
				CLANG_WARN_DIRECT_OBJC_ISA_USAGE = YES_ERROR;
				CLANG_WARN_DOCUMENTATION_COMMENTS = YES;
				CLANG_WARN_EMPTY_BODY = YES;
				CLANG_WARN_ENUM_CONVERSION = YES;
				CLANG_WARN_INFINITE_RECURSION = YES;
				CLANG_WARN_INT_CONVERSION = YES;
				CLANG_WARN_NON_LITERAL_NULL_CONVERSION = YES;
				CLANG_WARN_OBJC_IMPLICIT_RETAIN_SELF = YES;
				CLANG_WARN_OBJC_LITERAL_CONVERSION = YES;
				CLANG_WARN_OBJC_ROOT_CLASS = YES_ERROR;
				CLANG_WARN_QUOTED_INCLUDE_IN_FRAMEWORK_HEADER = YES;
				CLANG_WARN_RANGE_LOOP_ANALYSIS = YES;
				CLANG_WARN_STRICT_PROTOTYPES = YES;
				CLANG_WARN_SUSPICIOUS_MOVE = YES;
				CLANG_WARN_UNGUARDED_AVAILABILITY = YES_AGGRESSIVE;
				CLANG_WARN_UNREACHABLE_CODE = YES;
				CLANG_WARN__DUPLICATE_METHOD_MATCH = YES;
				COPY_PHASE_STRIP = NO;
				DEBUG_INFORMATION_FORMAT = dwarf;
				ENABLE_STRICT_OBJC_MSGSEND = YES;
				ENABLE_TESTABILITY = YES;
				ENABLE_USER_SCRIPT_SANDBOXING = YES;
				GCC_C_LANGUAGE_STANDARD = gnu11;
				GCC_DYNAMIC_NO_PIC = NO;
				GCC_NO_COMMON_BLOCKS = YES;
				GCC_OPTIMIZATION_LEVEL = 0;
				GCC_PREPROCESSOR_DEFINITIONS = (
					"DEBUG=1",
					"$(inherited)",
				);
				GCC_WARN_64_TO_32_BIT_CONVERSION = YES;
				GCC_WARN_ABOUT_RETURN_TYPE = YES_ERROR;
				GCC_WARN_UNDECLARED_SELECTOR = YES;
				GCC_WARN_UNINITIALIZED_AUTOS = YES_AGGRESSIVE;
				GCC_WARN_UNUSED_FUNCTION = YES;
				GCC_WARN_UNUSED_VARIABLE = YES;
				IPHONEOS_DEPLOYMENT_TARGET = 18.0;
				MTL_ENABLE_DEBUG_INFO = INCLUDE_SOURCE;
				MTL_FAST_MATH = YES;
				ONLY_ACTIVE_ARCH = YES;
				SDKROOT = iphoneos;
				SWIFT_ACTIVE_COMPILATION_CONDITIONS = DEBUG;
				SWIFT_OPTIMIZATION_LEVEL = "-Onone";
				SWIFT_VERSION = 6.0;
			};
			name = Debug;
		};
		CA350C942984506F00434F8A /* Release */ = {
			isa = XCBuildConfiguration;
			buildSettings = {
				ALWAYS_SEARCH_USER_PATHS = NO;
				ASSETCATALOG_COMPILER_GENERATE_SWIFT_ASSET_SYMBOL_EXTENSIONS = YES;
				CLANG_ANALYZER_NONNULL = YES;
				CLANG_ANALYZER_NUMBER_OBJECT_CONVERSION = YES_AGGRESSIVE;
				CLANG_CXX_LANGUAGE_STANDARD = "gnu++20";
				CLANG_ENABLE_MODULES = YES;
				CLANG_ENABLE_OBJC_ARC = YES;
				CLANG_ENABLE_OBJC_WEAK = YES;
				CLANG_WARN_BLOCK_CAPTURE_AUTORELEASING = YES;
				CLANG_WARN_BOOL_CONVERSION = YES;
				CLANG_WARN_COMMA = YES;
				CLANG_WARN_CONSTANT_CONVERSION = YES;
				CLANG_WARN_DEPRECATED_OBJC_IMPLEMENTATIONS = YES;
				CLANG_WARN_DIRECT_OBJC_ISA_USAGE = YES_ERROR;
				CLANG_WARN_DOCUMENTATION_COMMENTS = YES;
				CLANG_WARN_EMPTY_BODY = YES;
				CLANG_WARN_ENUM_CONVERSION = YES;
				CLANG_WARN_INFINITE_RECURSION = YES;
				CLANG_WARN_INT_CONVERSION = YES;
				CLANG_WARN_NON_LITERAL_NULL_CONVERSION = YES;
				CLANG_WARN_OBJC_IMPLICIT_RETAIN_SELF = YES;
				CLANG_WARN_OBJC_LITERAL_CONVERSION = YES;
				CLANG_WARN_OBJC_ROOT_CLASS = YES_ERROR;
				CLANG_WARN_QUOTED_INCLUDE_IN_FRAMEWORK_HEADER = YES;
				CLANG_WARN_RANGE_LOOP_ANALYSIS = YES;
				CLANG_WARN_STRICT_PROTOTYPES = YES;
				CLANG_WARN_SUSPICIOUS_MOVE = YES;
				CLANG_WARN_UNGUARDED_AVAILABILITY = YES_AGGRESSIVE;
				CLANG_WARN_UNREACHABLE_CODE = YES;
				CLANG_WARN__DUPLICATE_METHOD_MATCH = YES;
				COPY_PHASE_STRIP = NO;
				DEBUG_INFORMATION_FORMAT = "dwarf-with-dsym";
				ENABLE_NS_ASSERTIONS = NO;
				ENABLE_STRICT_OBJC_MSGSEND = YES;
				ENABLE_USER_SCRIPT_SANDBOXING = YES;
				GCC_C_LANGUAGE_STANDARD = gnu11;
				GCC_NO_COMMON_BLOCKS = YES;
				GCC_WARN_64_TO_32_BIT_CONVERSION = YES;
				GCC_WARN_ABOUT_RETURN_TYPE = YES_ERROR;
				GCC_WARN_UNDECLARED_SELECTOR = YES;
				GCC_WARN_UNINITIALIZED_AUTOS = YES_AGGRESSIVE;
				GCC_WARN_UNUSED_FUNCTION = YES;
				GCC_WARN_UNUSED_VARIABLE = YES;
				IPHONEOS_DEPLOYMENT_TARGET = 18.0;
				MTL_ENABLE_DEBUG_INFO = NO;
				MTL_FAST_MATH = YES;
				SDKROOT = iphoneos;
				SWIFT_COMPILATION_MODE = wholemodule;
				SWIFT_OPTIMIZATION_LEVEL = "-O";
				SWIFT_VERSION = 6.0;
				VALIDATE_PRODUCT = YES;
			};
			name = Release;
		};
		CA350C962984506F00434F8A /* Debug */ = {
			isa = XCBuildConfiguration;
			buildSettings = {
				ASSETCATALOG_COMPILER_APPICON_NAME = AppIcon;
				ASSETCATALOG_COMPILER_GLOBAL_ACCENT_COLOR_NAME = AccentColor;
				CODE_SIGN_STYLE = Automatic;
				CURRENT_PROJECT_VERSION = 1;
				ENABLE_PREVIEWS = YES;
				GENERATE_INFOPLIST_FILE = YES;
				INFOPLIST_KEY_NSSpeechRecognitionUsageDescription = "To transcribe meeting notes.";
				INFOPLIST_KEY_UIApplicationSceneManifest_Generation = YES;
				INFOPLIST_KEY_UIApplicationSupportsIndirectInputEvents = YES;
				INFOPLIST_KEY_UILaunchScreen_Generation = YES;
				INFOPLIST_KEY_UISupportedInterfaceOrientations_iPad = "UIInterfaceOrientationPortrait UIInterfaceOrientationPortraitUpsideDown UIInterfaceOrientationLandscapeLeft UIInterfaceOrientationLandscapeRight";
				INFOPLIST_KEY_UISupportedInterfaceOrientations_iPhone = "UIInterfaceOrientationPortrait UIInterfaceOrientationLandscapeLeft UIInterfaceOrientationLandscapeRight";
				LD_RUNPATH_SEARCH_PATHS = (
					"$(inherited)",
					"@executable_path/Frameworks",
				);
				MARKETING_VERSION = 1.0;
				PRODUCT_BUNDLE_IDENTIFIER = co.pointfree.SyncUps;
				PRODUCT_NAME = "$(TARGET_NAME)";
				SWIFT_EMIT_LOC_STRINGS = YES;
				TARGETED_DEVICE_FAMILY = "1,2";
			};
			name = Debug;
		};
		CA350C972984506F00434F8A /* Release */ = {
			isa = XCBuildConfiguration;
			buildSettings = {
				ASSETCATALOG_COMPILER_APPICON_NAME = AppIcon;
				ASSETCATALOG_COMPILER_GLOBAL_ACCENT_COLOR_NAME = AccentColor;
				CODE_SIGN_STYLE = Automatic;
				CURRENT_PROJECT_VERSION = 1;
				ENABLE_PREVIEWS = YES;
				GENERATE_INFOPLIST_FILE = YES;
				INFOPLIST_KEY_NSSpeechRecognitionUsageDescription = "To transcribe meeting notes.";
				INFOPLIST_KEY_UIApplicationSceneManifest_Generation = YES;
				INFOPLIST_KEY_UIApplicationSupportsIndirectInputEvents = YES;
				INFOPLIST_KEY_UILaunchScreen_Generation = YES;
				INFOPLIST_KEY_UISupportedInterfaceOrientations_iPad = "UIInterfaceOrientationPortrait UIInterfaceOrientationPortraitUpsideDown UIInterfaceOrientationLandscapeLeft UIInterfaceOrientationLandscapeRight";
				INFOPLIST_KEY_UISupportedInterfaceOrientations_iPhone = "UIInterfaceOrientationPortrait UIInterfaceOrientationLandscapeLeft UIInterfaceOrientationLandscapeRight";
				LD_RUNPATH_SEARCH_PATHS = (
					"$(inherited)",
					"@executable_path/Frameworks",
				);
				MARKETING_VERSION = 1.0;
				PRODUCT_BUNDLE_IDENTIFIER = co.pointfree.SyncUps;
				PRODUCT_NAME = "$(TARGET_NAME)";
				SWIFT_EMIT_LOC_STRINGS = YES;
				TARGETED_DEVICE_FAMILY = "1,2";
			};
			name = Release;
		};
		CA350C992984506F00434F8A /* Debug */ = {
			isa = XCBuildConfiguration;
			buildSettings = {
				BUNDLE_LOADER = "$(TEST_HOST)";
				CLANG_ENABLE_MODULES = YES;
				CODE_SIGN_STYLE = Automatic;
				CURRENT_PROJECT_VERSION = 1;
				GENERATE_INFOPLIST_FILE = YES;
				LD_RUNPATH_SEARCH_PATHS = (
					"$(inherited)",
					"@executable_path/Frameworks",
					"@loader_path/Frameworks",
				);
				MARKETING_VERSION = 1.0;
				PRODUCT_BUNDLE_IDENTIFIER = co.pointfree.SyncUpsTests;
				PRODUCT_NAME = "$(TARGET_NAME)";
				SWIFT_EMIT_LOC_STRINGS = NO;
				SWIFT_OPTIMIZATION_LEVEL = "-Onone";
				TARGETED_DEVICE_FAMILY = "1,2";
				TEST_HOST = "$(BUILT_PRODUCTS_DIR)/SyncUps.app/$(BUNDLE_EXECUTABLE_FOLDER_PATH)/SyncUps";
			};
			name = Debug;
		};
		CA350C9A2984506F00434F8A /* Release */ = {
			isa = XCBuildConfiguration;
			buildSettings = {
				BUNDLE_LOADER = "$(TEST_HOST)";
				CLANG_ENABLE_MODULES = YES;
				CODE_SIGN_STYLE = Automatic;
				CURRENT_PROJECT_VERSION = 1;
				GENERATE_INFOPLIST_FILE = YES;
				LD_RUNPATH_SEARCH_PATHS = (
					"$(inherited)",
					"@executable_path/Frameworks",
					"@loader_path/Frameworks",
				);
				MARKETING_VERSION = 1.0;
				PRODUCT_BUNDLE_IDENTIFIER = co.pointfree.SyncUpsTests;
				PRODUCT_NAME = "$(TARGET_NAME)";
				SWIFT_EMIT_LOC_STRINGS = NO;
				TARGETED_DEVICE_FAMILY = "1,2";
				TEST_HOST = "$(BUILT_PRODUCTS_DIR)/SyncUps.app/$(BUNDLE_EXECUTABLE_FOLDER_PATH)/SyncUps";
			};
			name = Release;
		};
/* End XCBuildConfiguration section */

/* Begin XCConfigurationList section */
		CA350C6C2984506E00434F8A /* Build configuration list for PBXProject "SyncUps" */ = {
			isa = XCConfigurationList;
			buildConfigurations = (
				CA350C932984506F00434F8A /* Debug */,
				CA350C942984506F00434F8A /* Release */,
			);
			defaultConfigurationIsVisible = 0;
			defaultConfigurationName = Release;
		};
		CA350C952984506F00434F8A /* Build configuration list for PBXNativeTarget "SyncUps" */ = {
			isa = XCConfigurationList;
			buildConfigurations = (
				CA350C962984506F00434F8A /* Debug */,
				CA350C972984506F00434F8A /* Release */,
			);
			defaultConfigurationIsVisible = 0;
			defaultConfigurationName = Release;
		};
		CA350C982984506F00434F8A /* Build configuration list for PBXNativeTarget "SyncUpsTests" */ = {
			isa = XCConfigurationList;
			buildConfigurations = (
				CA350C992984506F00434F8A /* Debug */,
				CA350C9A2984506F00434F8A /* Release */,
			);
			defaultConfigurationIsVisible = 0;
			defaultConfigurationName = Release;
		};
/* End XCConfigurationList section */

/* Begin XCRemoteSwiftPackageReference section */
		0923E9A22E6CD070007BBBC9 /* XCRemoteSwiftPackageReference "ReducerArchitecture" */ = {
			isa = XCRemoteSwiftPackageReference;
			repositoryURL = "https://github.com/ilyathewhite/ReducerArchitecture.git";
			requirement = {
				kind = upToNextMajorVersion;
				minimumVersion = 1.4.1;
			};
		};
		0923E9C02E6DBC21007BBBC9 /* XCRemoteSwiftPackageReference "SwiftUIEx" */ = {
			isa = XCRemoteSwiftPackageReference;
			repositoryURL = "https://github.com/ilyathewhite/SwiftUIEx.git";
			requirement = {
				kind = upToNextMajorVersion;
				minimumVersion = 1.0.7;
			};
		};
		09F4CC042FD071E200A1B2C3 /* XCRemoteSwiftPackageReference "TaskIsolatedEnv" */ = {
			isa = XCRemoteSwiftPackageReference;
			repositoryURL = "https://github.com/ilyathewhite/TaskIsolatedEnv.git";
			requirement = {
				branch = main;
				kind = branch;
			};
		};
		A1F002122FD2100000A1B2C3 /* XCRemoteSwiftPackageReference "Hammer" */ = {
			isa = XCRemoteSwiftPackageReference;
			repositoryURL = "https://github.com/lyft/Hammer.git";
			requirement = {
				kind = upToNextMajorVersion;
				minimumVersion = 0.18.0;
			};
		};
		CAAF4DCD2C3586E200774888 /* XCRemoteSwiftPackageReference "swift-tagged" */ = {
			isa = XCRemoteSwiftPackageReference;
			repositoryURL = "https://github.com/pointfreeco/swift-tagged";
			requirement = {
				kind = upToNextMajorVersion;
				minimumVersion = 0.10.0;
			};
		};
/* End XCRemoteSwiftPackageReference section */

/* Begin XCSwiftPackageProductDependency section */
		0923E9A32E6CD070007BBBC9 /* ReducerArchitecture */ = {
			isa = XCSwiftPackageProductDependency;
			package = 0923E9A22E6CD070007BBBC9 /* XCRemoteSwiftPackageReference "ReducerArchitecture" */;
			productName = ReducerArchitecture;
		};
		0923E9C12E6DBC21007BBBC9 /* SwiftUIEx */ = {
			isa = XCSwiftPackageProductDependency;
			package = 0923E9C02E6DBC21007BBBC9 /* XCRemoteSwiftPackageReference "SwiftUIEx" */;
			productName = SwiftUIEx;
		};
		09F4CC032FD071E200A1B2C3 /* TaskIsolatedEnv */ = {
			isa = XCSwiftPackageProductDependency;
			package = 09F4CC042FD071E200A1B2C3 /* XCRemoteSwiftPackageReference "TaskIsolatedEnv" */;
			productName = TaskIsolatedEnv;
		};
		A1F002132FD2100000A1B2C3 /* Hammer */ = {
			isa = XCSwiftPackageProductDependency;
			package = A1F002122FD2100000A1B2C3 /* XCRemoteSwiftPackageReference "Hammer" */;
			productName = Hammer;
		};
		A1F003022FD2200000A1B2C3 /* SwiftUIExTesting */ = {
			isa = XCSwiftPackageProductDependency;
			package = 0923E9C02E6DBC21007BBBC9 /* XCRemoteSwiftPackageReference "SwiftUIEx" */;
			productName = SwiftUIExTesting;
		};
		CAAF4DCE2C3586E200774888 /* Tagged */ = {
			isa = XCSwiftPackageProductDependency;
			package = CAAF4DCD2C3586E200774888 /* XCRemoteSwiftPackageReference "swift-tagged" */;
			productName = Tagged;
		};
/* End XCSwiftPackageProductDependency section */
	};
	rootObject = CA350C692984506E00434F8A /* Project object */;
}
